
Microsoft Visual Studio Solution File, Format Version 12.00
# Visual Studio Version 17
VisualStudioVersion = 17.5.002.0
MinimumVisualStudioVersion = 10.0.40219.1
Project("{9A19103F-16F7-4668-BE54-9A1E7A4F7556}") = "Card-Template", "Card-Template.csproj", "{F02B5967-370B-4C91-87AE-378838667528}"
EndProject
Global
	GlobalSection(SolutionConfigurationPlatforms) = preSolution
		Debug|Any CPU = Debug|Any CPU
		Release|Any CPU = Release|Any CPU
	EndGlobalSection
	GlobalSection(ProjectConfigurationPlatforms) = postSolution
		{F02B5967-370B-4C91-87AE-378838667528}.Debug|Any CPU.ActiveCfg = Debug|Any CPU
		{F02B5967-370B-4C91-87AE-378838667528}.Debug|Any CPU.Build.0 = Debug|Any CPU
		{F02B5967-370B-4C91-87AE-378838667528}.Release|Any CPU.ActiveCfg = Release|Any CPU
		{F02B5967-370B-4C91-87AE-378838667528}.Release|Any CPU.Build.0 = Release|Any CPU
	EndGlobalSection
	GlobalSection(SolutionProperties) = preSolution
		HideSolutionNode = FALSE
	EndGlobalSection
	GlobalSection(ExtensibilityGlobals) = postSolution
		SolutionGuid = {F42427B5-6F4A-4242-9789-C6E944850261}
	EndGlobalSection
EndGlobal
